# This file was autogenerated by Stack.
# You should not edit this file by hand.
# For more information, please see the documentation at:
#   https://docs.haskellstack.org/en/stable/lock_files

packages:
- completed:
    hackage: hspec-2.10.6@sha256:c90dbcc629e88e5f56021c7dba26a97109a0c441aeece6ead217ee3fc83dcb68,1712
    pantry-tree:
      sha256: e61c983a62c1a72b1fe83aea65f95bba3fcde6f787dc5025090a701894c1b6ff
      size: 583
  original:
    hackage: hspec-2.10.6@sha256:c90dbcc629e88e5f56021c7dba26a97109a0c441aeece6ead217ee3fc83dcb68,1712
- completed:
    hackage: hspec-core-2.10.6@sha256:68a74267974fee22f4bc57b5d353391e8dc943b0d7ffaf5d47dab691765ee772,6659
    pantry-tree:
      sha256: 2c89341dd4d9ac200c3057e29be34e1c281207e04c44681093dd1e76e3ab46cc
      size: 5907
  original:
    hackage: hspec-core-2.10.6@sha256:68a74267974fee22f4bc57b5d353391e8dc943b0d7ffaf5d47dab691765ee772,6659
- completed:
    hackage: hspec-discover-2.10.6@sha256:df63254c5aa8c5c2b9233b0067728394936b6c9af7e3a5d3d44df78d888dcefd,2167
    pantry-tree:
      sha256: 7cf0a4ca06d993fe934334a4b67ddbc54cfca2b622f795410c1889e6443401eb
      size: 828
  original:
    hackage: hspec-discover-2.10.6@sha256:df63254c5aa8c5c2b9233b0067728394936b6c9af7e3a5d3d44df78d888dcefd,2167
- completed:
    hackage: simplex-method-0.1.0.0@sha256:308cb0b129e5475df1250e6666c58571f2161276d0b9f29ed8171524ba67591c,1462
    pantry-tree:
      sha256: 873f65871922e7a8fb9663339b7cb2fe210f4761da192deb4e12e72e877e554d
      size: 651
  original:
    hackage: simplex-method-0.1.0.0
- completed:
    commit: 6ad7ef80526551efac880887a959b8ce5e843587
    git: https://github.com/RobinWebbers/hrubric.git
    name: hrubric
    pantry-tree:
      sha256: 1e8aa05f85c3116f046f7e4560ab42ba26d395ed0a214e45e6a2f6ce71de02fc
      size: 516
    version: 0.1.0.0
  original:
    commit: 6ad7ef80526551efac880887a959b8ce5e843587
    git: https://github.com/RobinWebbers/hrubric.git
snapshots:
- completed:
    sha256: 1ecad1f0bd2c27de88dbff6572446cfdf647c615d58a7e2e2085c6b7dfc04176
    size: 619403
    url: https://raw.githubusercontent.com/commercialhaskell/stackage-snapshots/master/lts/19/25.yaml
  original: lts-19.25
